
Microsoft Visual Studio Solution File, Format Version 12.00
# Visual Studio 2013
VisualStudioVersion = 12.0.21005.1
MinimumVisualStudioVersion = 10.0.40219.1
Project("{8BC9CEB8-8B4A-11D0-8D11-00A0C91BC942}") = "ExtLibsBoost", "Extlibs\2013_boost.vcxproj", "{9C478BA8-0397-448C-B0A8-351470602296}"
EndProject
Project("{8BC9CEB8-8B4A-11D0-8D11-00A0C91BC942}") = "SystemStore", "SystemStore\SystemStore.vcxproj", "{C0119840-DA71-47DF-A1B1-23A2357C4E11}"
	ProjectSection(ProjectDependencies) = postProject
		{08AC3245-22F2-4C11-9F1C-53A5F6BB8EB3} = {08AC3245-22F2-4C11-9F1C-53A5F6BB8EB3}
		{4A0A5F9F-CB43-491D-911C-881A0F83B33E} = {4A0A5F9F-CB43-491D-911C-881A0F83B33E}
		{9C478BA8-0397-448C-B0A8-351470602296} = {9C478BA8-0397-448C-B0A8-351470602296}
	EndProjectSection
EndProject
Project("{8BC9CEB8-8B4A-11D0-8D11-00A0C91BC942}") = "SQLiteCpp", "Extlibs\SQLiteCpp\SQLiteCpp\SQLiteCpp.vcxproj", "{4A0A5F9F-CB43-491D-911C-881A0F83B33E}"
	ProjectSection(ProjectDependencies) = postProject
		{08AC3245-22F2-4C11-9F1C-53A5F6BB8EB3} = {08AC3245-22F2-4C11-9F1C-53A5F6BB8EB3}
	EndProjectSection
EndProject
Project("{8BC9CEB8-8B4A-11D0-8D11-00A0C91BC942}") = "TestSystemStore", "TestSystemStore\TestSystemStore.vcxproj", "{432E1A00-916D-4E7F-8857-3A2924B3CD78}"
EndProject
Project("{8BC9CEB8-8B4A-11D0-8D11-00A0C91BC942}") = "Sqlite3", "Extlibs\SQLite3\Sqlite3\Sqlite3.vcxproj", "{08AC3245-22F2-4C11-9F1C-53A5F6BB8EB3}"
EndProject
Project("{8BC9CEB8-8B4A-11D0-8D11-00A0C91BC942}") = "SystemStoreRegrTest", "SystemStoreRegrTest\SystemStoreRegrTest.vcxproj", "{28AE84C3-EC8F-4802-A7F5-223680501079}"
EndProject
Project("{8BC9CEB8-8B4A-11D0-8D11-00A0C91BC942}") = "IntLibsCommon", "Intlibs\Common\2013_Common.vcxproj", "{43F2C3B7-7CE3-44BA-9B31-D7A2B524EEFD}"
EndProject
Global
	GlobalSection(SolutionConfigurationPlatforms) = preSolution
		Debug|x64 = Debug|x64
		Release|x64 = Release|x64
	EndGlobalSection
	GlobalSection(ProjectConfigurationPlatforms) = postSolution
		{9C478BA8-0397-448C-B0A8-351470602296}.Debug|x64.ActiveCfg = Debug|x64
		{9C478BA8-0397-448C-B0A8-351470602296}.Debug|x64.Build.0 = Debug|x64
		{9C478BA8-0397-448C-B0A8-351470602296}.Release|x64.ActiveCfg = Release|x64
		{9C478BA8-0397-448C-B0A8-351470602296}.Release|x64.Build.0 = Release|x64
		{C0119840-DA71-47DF-A1B1-23A2357C4E11}.Debug|x64.ActiveCfg = Debug|x64
		{C0119840-DA71-47DF-A1B1-23A2357C4E11}.Debug|x64.Build.0 = Debug|x64
		{C0119840-DA71-47DF-A1B1-23A2357C4E11}.Release|x64.ActiveCfg = Release|x64
		{C0119840-DA71-47DF-A1B1-23A2357C4E11}.Release|x64.Build.0 = Release|x64
		{4A0A5F9F-CB43-491D-911C-881A0F83B33E}.Debug|x64.ActiveCfg = Debug|x64
		{4A0A5F9F-CB43-491D-911C-881A0F83B33E}.Debug|x64.Build.0 = Debug|x64
		{4A0A5F9F-CB43-491D-911C-881A0F83B33E}.Release|x64.ActiveCfg = Release|x64
		{4A0A5F9F-CB43-491D-911C-881A0F83B33E}.Release|x64.Build.0 = Release|x64
		{432E1A00-916D-4E7F-8857-3A2924B3CD78}.Debug|x64.ActiveCfg = Debug|x64
		{432E1A00-916D-4E7F-8857-3A2924B3CD78}.Debug|x64.Build.0 = Debug|x64
		{432E1A00-916D-4E7F-8857-3A2924B3CD78}.Release|x64.ActiveCfg = Release|x64
		{432E1A00-916D-4E7F-8857-3A2924B3CD78}.Release|x64.Build.0 = Release|x64
		{08AC3245-22F2-4C11-9F1C-53A5F6BB8EB3}.Debug|x64.ActiveCfg = Debug|x64
		{08AC3245-22F2-4C11-9F1C-53A5F6BB8EB3}.Debug|x64.Build.0 = Debug|x64
		{08AC3245-22F2-4C11-9F1C-53A5F6BB8EB3}.Release|x64.ActiveCfg = Release|x64
		{08AC3245-22F2-4C11-9F1C-53A5F6BB8EB3}.Release|x64.Build.0 = Release|x64
		{28AE84C3-EC8F-4802-A7F5-223680501079}.Debug|x64.ActiveCfg = Debug|x64
		{28AE84C3-EC8F-4802-A7F5-223680501079}.Debug|x64.Build.0 = Debug|x64
		{28AE84C3-EC8F-4802-A7F5-223680501079}.Release|x64.ActiveCfg = Release|x64
		{28AE84C3-EC8F-4802-A7F5-223680501079}.Release|x64.Build.0 = Release|x64
		{43F2C3B7-7CE3-44BA-9B31-D7A2B524EEFD}.Debug|x64.ActiveCfg = Debug|x64
		{43F2C3B7-7CE3-44BA-9B31-D7A2B524EEFD}.Debug|x64.Build.0 = Debug|x64
		{43F2C3B7-7CE3-44BA-9B31-D7A2B524EEFD}.Release|x64.ActiveCfg = Release|x64
		{43F2C3B7-7CE3-44BA-9B31-D7A2B524EEFD}.Release|x64.Build.0 = Release|x64
	EndGlobalSection
	GlobalSection(SolutionProperties) = preSolution
		HideSolutionNode = FALSE
	EndGlobalSection
EndGlobal
