
Microsoft Visual Studio Solution File, Format Version 12.00
# Visual Studio 2013
VisualStudioVersion = 12.0.30501.0
MinimumVisualStudioVersion = 10.0.40219.1
Project("{8BC9CEB8-8B4A-11D0-8D11-00A0C91BC942}") = "ExtLibsBoost", "Extlibs\2013_boost.vcxproj", "{9C478BA8-0397-448C-B0A8-351470602296}"
EndProject
Project("{8BC9CEB8-8B4A-11D0-8D11-00A0C91BC942}") = "SystemStore", "SystemStore\SystemStore.vcxproj", "{C0119840-DA71-47DF-A1B1-23A2357C4E11}"
	ProjectSection(ProjectDependencies) = postProject
		{08AC3245-22F2-4C11-9F1C-53A5F6BB8EB3} = {08AC3245-22F2-4C11-9F1C-53A5F6BB8EB3}
		{4A0A5F9F-CB43-491D-911C-881A0F83B33E} = {4A0A5F9F-CB43-491D-911C-881A0F83B33E}
		{9C478BA8-0397-448C-B0A8-351470602296} = {9C478BA8-0397-448C-B0A8-351470602296}
	EndProjectSection
EndProject
Project("{8BC9CEB8-8B4A-11D0-8D11-00A0C91BC942}") = "SQLiteCpp", "Extlibs\SQLiteCpp\SQLiteCpp\SQLiteCpp.vcxproj", "{4A0A5F9F-CB43-491D-911C-881A0F83B33E}"
	ProjectSection(ProjectDependencies) = postProject
		{08AC3245-22F2-4C11-9F1C-53A5F6BB8EB3} = {08AC3245-22F2-4C11-9F1C-53A5F6BB8EB3}
	EndProjectSection
EndProject
Project("{8BC9CEB8-8B4A-11D0-8D11-00A0C91BC942}") = "TestSystemStore", "TestSystemStore\TestSystemStore.vcxproj", "{432E1A00-916D-4E7F-8857-3A2924B3CD78}"
EndProject
Project("{8BC9CEB8-8B4A-11D0-8D11-00A0C91BC942}") = "Sqlite3", "Extlibs\SQLite3\Sqlite3\Sqlite3.vcxproj", "{08AC3245-22F2-4C11-9F1C-53A5F6BB8EB3}"
EndProject
Global
	GlobalSection(SolutionConfigurationPlatforms) = preSolution
		Debug|Win32 = Debug|Win32
		Release|Win32 = Release|Win32
	EndGlobalSection
	GlobalSection(ProjectConfigurationPlatforms) = postSolution
		{9C478BA8-0397-448C-B0A8-351470602296}.Debug|Win32.ActiveCfg = Debug|Win32
		{9C478BA8-0397-448C-B0A8-351470602296}.Debug|Win32.Build.0 = Debug|Win32
		{9C478BA8-0397-448C-B0A8-351470602296}.Release|Win32.ActiveCfg = Release|Win32
		{9C478BA8-0397-448C-B0A8-351470602296}.Release|Win32.Build.0 = Release|Win32
		{C0119840-DA71-47DF-A1B1-23A2357C4E11}.Debug|Win32.ActiveCfg = Debug|Win32
		{C0119840-DA71-47DF-A1B1-23A2357C4E11}.Debug|Win32.Build.0 = Debug|Win32
		{C0119840-DA71-47DF-A1B1-23A2357C4E11}.Release|Win32.ActiveCfg = Release|Win32
		{C0119840-DA71-47DF-A1B1-23A2357C4E11}.Release|Win32.Build.0 = Release|Win32
		{4A0A5F9F-CB43-491D-911C-881A0F83B33E}.Debug|Win32.ActiveCfg = Debug|Win32
		{4A0A5F9F-CB43-491D-911C-881A0F83B33E}.Debug|Win32.Build.0 = Debug|Win32
		{4A0A5F9F-CB43-491D-911C-881A0F83B33E}.Release|Win32.ActiveCfg = Release|Win32
		{4A0A5F9F-CB43-491D-911C-881A0F83B33E}.Release|Win32.Build.0 = Release|Win32
		{432E1A00-916D-4E7F-8857-3A2924B3CD78}.Debug|Win32.ActiveCfg = Debug|Win32
		{432E1A00-916D-4E7F-8857-3A2924B3CD78}.Debug|Win32.Build.0 = Debug|Win32
		{432E1A00-916D-4E7F-8857-3A2924B3CD78}.Release|Win32.ActiveCfg = Release|Win32
		{432E1A00-916D-4E7F-8857-3A2924B3CD78}.Release|Win32.Build.0 = Release|Win32
		{08AC3245-22F2-4C11-9F1C-53A5F6BB8EB3}.Debug|Win32.ActiveCfg = Debug|Win32
		{08AC3245-22F2-4C11-9F1C-53A5F6BB8EB3}.Debug|Win32.Build.0 = Debug|Win32
		{08AC3245-22F2-4C11-9F1C-53A5F6BB8EB3}.Release|Win32.ActiveCfg = Release|Win32
		{08AC3245-22F2-4C11-9F1C-53A5F6BB8EB3}.Release|Win32.Build.0 = Release|Win32
	EndGlobalSection
	GlobalSection(SolutionProperties) = preSolution
		HideSolutionNode = FALSE
	EndGlobalSection
EndGlobal
